
Microsoft Visual Studio Solution File, Format Version 12.00
# Visual Studio 15
VisualStudioVersion = 15.0.28307.572
MinimumVisualStudioVersion = 10.0.40219.1
Project("{FAE04EC0-301F-11D3-BF4B-00C04F79EFBC}") = "DesAlgorithm", "DES\DesAlgorithm.csproj", "{12BD443E-2E03-40C2-B1E8-B098C70F810D}"
EndProject
Global
	GlobalSection(SolutionConfigurationPlatforms) = preSolution
		Debug|Any CPU = Debug|Any CPU
		Release|Any CPU = Release|Any CPU
	EndGlobalSection
	GlobalSection(ProjectConfigurationPlatforms) = postSolution
		{12BD443E-2E03-40C2-B1E8-B098C70F810D}.Debug|Any CPU.ActiveCfg = Debug|Any CPU
		{12BD443E-2E03-40C2-B1E8-B098C70F810D}.Debug|Any CPU.Build.0 = Debug|Any CPU
		{12BD443E-2E03-40C2-B1E8-B098C70F810D}.Release|Any CPU.ActiveCfg = Release|Any CPU
		{12BD443E-2E03-40C2-B1E8-B098C70F810D}.Release|Any CPU.Build.0 = Release|Any CPU
	EndGlobalSection
	GlobalSection(SolutionProperties) = preSolution
		HideSolutionNode = FALSE
	EndGlobalSection
	GlobalSection(ExtensibilityGlobals) = postSolution
		SolutionGuid = {220067CC-F77F-4E66-AA35-EDCB9C9FB757}
	EndGlobalSection
EndGlobal
